
Microsoft Visual Studio Solution File, Format Version 12.00
# Visual Studio 15
VisualStudioVersion = 15.0.27130.2027
MinimumVisualStudioVersion = 10.0.40219.1
Project("{FAE04EC0-301F-11D3-BF4B-00C04F79EFBC}") = "TaskManagement.Infrastructure", "TaskManagement.Infrastructure\TaskManagement.Infrastructure.csproj", "{25ECA4E1-F18D-4EA5-9CEA-F2B0B5FC5780}"
EndProject
Project("{FAE04EC0-301F-11D3-BF4B-00C04F79EFBC}") = "TaskManagement.Core", "TaskManagement.Core\TaskManagement.Core.csproj", "{2E964968-FA42-403B-B075-A241E1606CAD}"
EndProject
Project("{FAE04EC0-301F-11D3-BF4B-00C04F79EFBC}") = "TaskManagement.Repository", "TaskManagement.Repository\TaskManagement.Repository.csproj", "{654BAB66-642A-4F4E-9B4C-AE10090CAEDD}"
EndProject
Project("{FAE04EC0-301F-11D3-BF4B-00C04F79EFBC}") = "TaskManagement.Service", "TaskManagement.Service\TaskManagement.Service.csproj", "{F436A37E-F32B-45A0-9462-7730B551D5EF}"
EndProject
Project("{FAE04EC0-301F-11D3-BF4B-00C04F79EFBC}") = "TaskManagement.Tests", "TaskManagement.Tests\TaskManagement.Tests.csproj", "{9620A371-8001-4950-939C-CF169718B6DE}"
EndProject
Project("{FAE04EC0-301F-11D3-BF4B-00C04F79EFBC}") = "TaskManagment.Web", "TaskManagment.Web\TaskManagment.Web.csproj", "{C0AC68A4-ABF9-45F7-9FBA-D00DB8A00FD2}"
EndProject
Project("{2150E333-8FDC-42A3-9474-1A3956D46DE8}") = "Instractions", "Instractions", "{EA2083A2-1B64-4B1C-BB01-409EB470895A}"
	ProjectSection(SolutionItems) = preProject
		How to Deploy.txt = How to Deploy.txt
	EndProjectSection
EndProject
Global
	GlobalSection(SolutionConfigurationPlatforms) = preSolution
		Debug|Any CPU = Debug|Any CPU
		Release|Any CPU = Release|Any CPU
	EndGlobalSection
	GlobalSection(ProjectConfigurationPlatforms) = postSolution
		{25ECA4E1-F18D-4EA5-9CEA-F2B0B5FC5780}.Debug|Any CPU.ActiveCfg = Debug|Any CPU
		{25ECA4E1-F18D-4EA5-9CEA-F2B0B5FC5780}.Debug|Any CPU.Build.0 = Debug|Any CPU
		{25ECA4E1-F18D-4EA5-9CEA-F2B0B5FC5780}.Release|Any CPU.ActiveCfg = Release|Any CPU
		{25ECA4E1-F18D-4EA5-9CEA-F2B0B5FC5780}.Release|Any CPU.Build.0 = Release|Any CPU
		{2E964968-FA42-403B-B075-A241E1606CAD}.Debug|Any CPU.ActiveCfg = Debug|Any CPU
		{2E964968-FA42-403B-B075-A241E1606CAD}.Debug|Any CPU.Build.0 = Debug|Any CPU
		{2E964968-FA42-403B-B075-A241E1606CAD}.Release|Any CPU.ActiveCfg = Release|Any CPU
		{2E964968-FA42-403B-B075-A241E1606CAD}.Release|Any CPU.Build.0 = Release|Any CPU
		{654BAB66-642A-4F4E-9B4C-AE10090CAEDD}.Debug|Any CPU.ActiveCfg = Debug|Any CPU
		{654BAB66-642A-4F4E-9B4C-AE10090CAEDD}.Debug|Any CPU.Build.0 = Debug|Any CPU
		{654BAB66-642A-4F4E-9B4C-AE10090CAEDD}.Release|Any CPU.ActiveCfg = Release|Any CPU
		{654BAB66-642A-4F4E-9B4C-AE10090CAEDD}.Release|Any CPU.Build.0 = Release|Any CPU
		{F436A37E-F32B-45A0-9462-7730B551D5EF}.Debug|Any CPU.ActiveCfg = Debug|Any CPU
		{F436A37E-F32B-45A0-9462-7730B551D5EF}.Debug|Any CPU.Build.0 = Debug|Any CPU
		{F436A37E-F32B-45A0-9462-7730B551D5EF}.Release|Any CPU.ActiveCfg = Release|Any CPU
		{F436A37E-F32B-45A0-9462-7730B551D5EF}.Release|Any CPU.Build.0 = Release|Any CPU
		{9620A371-8001-4950-939C-CF169718B6DE}.Debug|Any CPU.ActiveCfg = Debug|Any CPU
		{9620A371-8001-4950-939C-CF169718B6DE}.Debug|Any CPU.Build.0 = Debug|Any CPU
		{9620A371-8001-4950-939C-CF169718B6DE}.Release|Any CPU.ActiveCfg = Release|Any CPU
		{9620A371-8001-4950-939C-CF169718B6DE}.Release|Any CPU.Build.0 = Release|Any CPU
		{C0AC68A4-ABF9-45F7-9FBA-D00DB8A00FD2}.Debug|Any CPU.ActiveCfg = Debug|Any CPU
		{C0AC68A4-ABF9-45F7-9FBA-D00DB8A00FD2}.Debug|Any CPU.Build.0 = Debug|Any CPU
		{C0AC68A4-ABF9-45F7-9FBA-D00DB8A00FD2}.Release|Any CPU.ActiveCfg = Release|Any CPU
		{C0AC68A4-ABF9-45F7-9FBA-D00DB8A00FD2}.Release|Any CPU.Build.0 = Release|Any CPU
	EndGlobalSection
	GlobalSection(SolutionProperties) = preSolution
		HideSolutionNode = FALSE
	EndGlobalSection
	GlobalSection(ExtensibilityGlobals) = postSolution
		SolutionGuid = {C2D931E0-2909-48A3-8618-0AB80CED6938}
	EndGlobalSection
EndGlobal
